
Microsoft Visual Studio Solution File, Format Version 12.00
# Visual Studio Version 17
VisualStudioVersion = 17.0.31919.166
MinimumVisualStudioVersion = 10.0.40219.1
Project("{FAE04EC0-301F-11D3-BF4B-00C04F79EFBC}") = "Inicijalno-Sedmi", "Inicijalno-Sedmi\Inicijalno-Sedmi.csproj", "{6486D7B2-3F1B-4339-873E-1B1737E31639}"
EndProject
Global
	GlobalSection(SolutionConfigurationPlatforms) = preSolution
		Debug|Any CPU = Debug|Any CPU
		Release|Any CPU = Release|Any CPU
	EndGlobalSection
	GlobalSection(ProjectConfigurationPlatforms) = postSolution
		{6486D7B2-3F1B-4339-873E-1B1737E31639}.Debug|Any CPU.ActiveCfg = Debug|Any CPU
		{6486D7B2-3F1B-4339-873E-1B1737E31639}.Debug|Any CPU.Build.0 = Debug|Any CPU
		{6486D7B2-3F1B-4339-873E-1B1737E31639}.Release|Any CPU.ActiveCfg = Release|Any CPU
		{6486D7B2-3F1B-4339-873E-1B1737E31639}.Release|Any CPU.Build.0 = Release|Any CPU
	EndGlobalSection
	GlobalSection(SolutionProperties) = preSolution
		HideSolutionNode = FALSE
	EndGlobalSection
	GlobalSection(ExtensibilityGlobals) = postSolution
		SolutionGuid = {9CE58094-A1EB-467C-AAFC-8460569067A9}
	EndGlobalSection
EndGlobal
